// !$*UTF8*$!
{
	archiveVersion = 1;
	classes = {
	};
	objectVersion = 46;
	objects = {

/* Begin PBXBuildFile section */
		426368D01839BA1B00D13698 /* Security.framework in Frameworks */ = {isa = PBXBuildFile; fileRef = 426368CF1839BA1B00D13698 /* Security.framework */; };
		426368D81839BB3D00D13698 /* CoreLocation.framework in Frameworks */ = {isa = PBXBuildFile; fileRef = 426368D71839BB3D00D13698 /* CoreLocation.framework */; };
		426368DA1839BB4B00D13698 /* SystemConfiguration.framework in Frameworks */ = {isa = PBXBuildFile; fileRef = 426368D91839BB4B00D13698 /* SystemConfiguration.framework */; };
		426368DC1839BB5400D13698 /* MobileCoreServices.framework in Frameworks */ = {isa = PBXBuildFile; fileRef = 426368DB1839BB5400D13698 /* MobileCoreServices.framework */; };
		42636980183AEA4000D13698 /* Potato.jpg in Resources */ = {isa = PBXBuildFile; fileRef = 42636971183AEA4000D13698 /* Potato.jpg */; };
		4263699A183AEAFD00D13698 /* AFHTTPRequestOperation.m in Sources */ = {isa = PBXBuildFile; fileRef = 42636988183AEAFD00D13698 /* AFHTTPRequestOperation.m */; settings = {COMPILER_FLAGS = "-fobjc-arc"; }; };
		4263699B183AEAFD00D13698 /* AFHTTPRequestOperationManager.m in Sources */ = {isa = PBXBuildFile; fileRef = 4263698A183AEAFD00D13698 /* AFHTTPRequestOperationManager.m */; settings = {COMPILER_FLAGS = "-fobjc-arc"; }; };
		4263699C183AEAFD00D13698 /* AFHTTPSessionManager.m in Sources */ = {isa = PBXBuildFile; fileRef = 4263698C183AEAFD00D13698 /* AFHTTPSessionManager.m */; settings = {COMPILER_FLAGS = "-fobjc-arc"; }; };
		4263699D183AEAFD00D13698 /* AFNetworkReachabilityManager.m in Sources */ = {isa = PBXBuildFile; fileRef = 4263698F183AEAFD00D13698 /* AFNetworkReachabilityManager.m */; };
		4263699E183AEAFD00D13698 /* AFSecurityPolicy.m in Sources */ = {isa = PBXBuildFile; fileRef = 42636991183AEAFD00D13698 /* AFSecurityPolicy.m */; settings = {COMPILER_FLAGS = "-fobjc-arc"; }; };
		4263699F183AEAFD00D13698 /* AFURLConnectionOperation.m in Sources */ = {isa = PBXBuildFile; fileRef = 42636993183AEAFD00D13698 /* AFURLConnectionOperation.m */; settings = {COMPILER_FLAGS = "-fobjc-arc"; }; };
		426369A0183AEAFD00D13698 /* AFURLRequestSerialization.m in Sources */ = {isa = PBXBuildFile; fileRef = 42636995183AEAFD00D13698 /* AFURLRequestSerialization.m */; settings = {COMPILER_FLAGS = "-fobjc-arc"; }; };
		426369A1183AEAFD00D13698 /* AFURLResponseSerialization.m in Sources */ = {isa = PBXBuildFile; fileRef = 42636997183AEAFD00D13698 /* AFURLResponseSerialization.m */; settings = {COMPILER_FLAGS = "-fobjc-arc"; }; };
		426369A2183AEAFD00D13698 /* AFURLSessionManager.m in Sources */ = {isa = PBXBuildFile; fileRef = 42636999183AEAFD00D13698 /* AFURLSessionManager.m */; settings = {COMPILER_FLAGS = "-fobjc-arc"; }; };
		426369A4183AEC1700D13698 /* AfterLogin.storyboard in Resources */ = {isa = PBXBuildFile; fileRef = 426369A3183AEC1700D13698 /* AfterLogin.storyboard */; };
		426369AA183AF16B00D13698 /* PickerVIew.m in Sources */ = {isa = PBXBuildFile; fileRef = 426369A9183AF16B00D13698 /* PickerVIew.m */; };
		426369B3183C8B6C00D13698 /* CreateProject.m in Sources */ = {isa = PBXBuildFile; fileRef = 426369B2183C8B6C00D13698 /* CreateProject.m */; };
		42A2B9BF183C900800CA02DB /* TeamController.m in Sources */ = {isa = PBXBuildFile; fileRef = 42A2B9BE183C900800CA02DB /* TeamController.m */; };
		42A2B9C4183C907800CA02DB /* BelbinTableViewViewController.m in Sources */ = {isa = PBXBuildFile; fileRef = 42A2B9C1183C907800CA02DB /* BelbinTableViewViewController.m */; };
		42A2B9C5183C907800CA02DB /* ContactCell.m in Sources */ = {isa = PBXBuildFile; fileRef = 42A2B9C3183C907800CA02DB /* ContactCell.m */; };
		42A2B9C8183C90C500CA02DB /* CustomTableViewViewController.m in Sources */ = {isa = PBXBuildFile; fileRef = 42A2B9C7183C90C500CA02DB /* CustomTableViewViewController.m */; };
		42A2B9CB183C90D400CA02DB /* ProfileController.m in Sources */ = {isa = PBXBuildFile; fileRef = 42A2B9CA183C90D400CA02DB /* ProfileController.m */; };
		42A2B9D4183C90E300CA02DB /* SkillCell.m in Sources */ = {isa = PBXBuildFile; fileRef = 42A2B9CD183C90E300CA02DB /* SkillCell.m */; };
		42A2B9D5183C90E300CA02DB /* SkillDetailController.m in Sources */ = {isa = PBXBuildFile; fileRef = 42A2B9CF183C90E300CA02DB /* SkillDetailController.m */; };
		42A2B9D6183C90E300CA02DB /* SkillsEditController.m in Sources */ = {isa = PBXBuildFile; fileRef = 42A2B9D1183C90E300CA02DB /* SkillsEditController.m */; };
		42A2B9D7183C90E300CA02DB /* SkillsView.m in Sources */ = {isa = PBXBuildFile; fileRef = 42A2B9D3183C90E300CA02DB /* SkillsView.m */; };
		659410A21353A25700826837 /* UIKit.framework in Frameworks */ = {isa = PBXBuildFile; fileRef = 659410A11353A25700826837 /* UIKit.framework */; };
		659410A41353A25700826837 /* Foundation.framework in Frameworks */ = {isa = PBXBuildFile; fileRef = 659410A31353A25700826837 /* Foundation.framework */; };
		659410A61353A25700826837 /* CoreGraphics.framework in Frameworks */ = {isa = PBXBuildFile; fileRef = 659410A51353A25700826837 /* CoreGraphics.framework */; };
		659410AC1353A25700826837 /* InfoPlist.strings in Resources */ = {isa = PBXBuildFile; fileRef = 659410AA1353A25700826837 /* InfoPlist.strings */; };
		659410AF1353A25700826837 /* main.m in Sources */ = {isa = PBXBuildFile; fileRef = 659410AE1353A25700826837 /* main.m */; };
		659410B51353A25700826837 /* MainWindow.xib in Resources */ = {isa = PBXBuildFile; fileRef = 659410B31353A25700826837 /* MainWindow.xib */; };
		659410BC1353A29200826837 /* READ_ME.txt in Resources */ = {isa = PBXBuildFile; fileRef = 659410BB1353A29200826837 /* READ_ME.txt */; };
		659410C01353A36600826837 /* ProfileTabView.xib in Resources */ = {isa = PBXBuildFile; fileRef = 659410BD1353A36600826837 /* ProfileTabView.xib */; };
		659410E41353A39900826837 /* OAuthLoginView.xib in Resources */ = {isa = PBXBuildFile; fileRef = 659410C21353A39900826837 /* OAuthLoginView.xib */; };
		659410E51353A39900826837 /* OAuthLoginView.m in Sources */ = {isa = PBXBuildFile; fileRef = 659410C31353A39900826837 /* OAuthLoginView.m */; };
		659410E61353A39900826837 /* OATokenManager.m in Sources */ = {isa = PBXBuildFile; fileRef = 659410C61353A39900826837 /* OATokenManager.m */; };
		659410E71353A39900826837 /* OAToken.m in Sources */ = {isa = PBXBuildFile; fileRef = 659410C81353A39900826837 /* OAToken.m */; };
		659410E81353A39900826837 /* OAServiceTicket.m in Sources */ = {isa = PBXBuildFile; fileRef = 659410CB1353A39900826837 /* OAServiceTicket.m */; };
		659410E91353A39900826837 /* OARequestParameter.m in Sources */ = {isa = PBXBuildFile; fileRef = 659410CD1353A39900826837 /* OARequestParameter.m */; };
		659410EA1353A39900826837 /* OAProblem.m in Sources */ = {isa = PBXBuildFile; fileRef = 659410CF1353A39900826837 /* OAProblem.m */; };
		659410EB1353A39900826837 /* OAPlaintextSignatureProvider.m in Sources */ = {isa = PBXBuildFile; fileRef = 659410D11353A39900826837 /* OAPlaintextSignatureProvider.m */; };
		659410EC1353A39900826837 /* OAMutableURLRequest.m in Sources */ = {isa = PBXBuildFile; fileRef = 659410D31353A39900826837 /* OAMutableURLRequest.m */; };
		659410ED1353A39900826837 /* OAHMAC_SHA1SignatureProvider.m in Sources */ = {isa = PBXBuildFile; fileRef = 659410D51353A39900826837 /* OAHMAC_SHA1SignatureProvider.m */; };
		659410EE1353A39900826837 /* OADataFetcher.m in Sources */ = {isa = PBXBuildFile; fileRef = 659410D71353A39900826837 /* OADataFetcher.m */; };
		659410EF1353A39900826837 /* OAConsumer.m in Sources */ = {isa = PBXBuildFile; fileRef = 659410D91353A39900826837 /* OAConsumer.m */; };
		659410F01353A39900826837 /* OACall.m in Sources */ = {isa = PBXBuildFile; fileRef = 659410DB1353A39900826837 /* OACall.m */; };
		659410F11353A39900826837 /* OAAttachment.m in Sources */ = {isa = PBXBuildFile; fileRef = 659410DD1353A39900826837 /* OAAttachment.m */; };
		659410F21353A39900826837 /* linkedInBluebutton.png in Resources */ = {isa = PBXBuildFile; fileRef = 659410E01353A39900826837 /* linkedInBluebutton.png */; };
		659410F31353A39900826837 /* linkedInBluebutton-highlight.png in Resources */ = {isa = PBXBuildFile; fileRef = 659410E11353A39900826837 /* linkedInBluebutton-highlight.png */; };
		659410F41353A39900826837 /* JSONKit.m in Sources */ = {isa = PBXBuildFile; fileRef = 659410E21353A39900826837 /* JSONKit.m */; };
		659411031353A41600826837 /* Base64Transcoder.c in Sources */ = {isa = PBXBuildFile; fileRef = 659410F61353A41600826837 /* Base64Transcoder.c */; };
		659411041353A41600826837 /* hmac.c in Sources */ = {isa = PBXBuildFile; fileRef = 659410F81353A41600826837 /* hmac.c */; };
		659411051353A41600826837 /* sha1.c in Sources */ = {isa = PBXBuildFile; fileRef = 659410FA1353A41600826837 /* sha1.c */; };
		659411061353A41600826837 /* NSMutableURLRequest+Parameters.m in Sources */ = {isa = PBXBuildFile; fileRef = 659410FE1353A41600826837 /* NSMutableURLRequest+Parameters.m */; };
		659411071353A41600826837 /* NSString+URLEncoding.m in Sources */ = {isa = PBXBuildFile; fileRef = 659411001353A41600826837 /* NSString+URLEncoding.m */; };
		659411081353A41600826837 /* NSURL+Base.m in Sources */ = {isa = PBXBuildFile; fileRef = 659411021353A41600826837 /* NSURL+Base.m */; };
		659411171353AE6800826837 /* Icon-72.png in Resources */ = {isa = PBXBuildFile; fileRef = 659411141353AE6800826837 /* Icon-72.png */; };
		659411181353AE6800826837 /* Icon.png in Resources */ = {isa = PBXBuildFile; fileRef = 659411151353AE6800826837 /* Icon.png */; };
		659411191353AE6800826837 /* Icon@2x.png in Resources */ = {isa = PBXBuildFile; fileRef = 659411161353AE6800826837 /* Icon@2x.png */; };
		9D30FF971829A38A006EB8D3 /* MainViewController.m in Sources */ = {isa = PBXBuildFile; fileRef = 9D30FF961829A38A006EB8D3 /* MainViewController.m */; };
		9D951F6B1817C0200010C060 /* Storyboard.storyboard in Resources */ = {isa = PBXBuildFile; fileRef = 9D951F6A1817C0200010C060 /* Storyboard.storyboard */; };
		9D951F6D1817C28E0010C060 /* Default-568h@2x.png in Resources */ = {isa = PBXBuildFile; fileRef = 9D951F6C1817C28E0010C060 /* Default-568h@2x.png */; };
		9D951F721817C3430010C060 /* AppDelegate.m in Sources */ = {isa = PBXBuildFile; fileRef = 9D951F6F1817C3430010C060 /* AppDelegate.m */; };
		9D951F731817C3430010C060 /* ViewController.m in Sources */ = {isa = PBXBuildFile; fileRef = 9D951F711817C3430010C060 /* ViewController.m */; };
		9DCF6E7118224DAD008FD568 /* StoryViewController.m in Sources */ = {isa = PBXBuildFile; fileRef = 9DCF6E6F18224DAD008FD568 /* StoryViewController.m */; };
		9DCF6E7218224DAD008FD568 /* ViewController.xib in Resources */ = {isa = PBXBuildFile; fileRef = 9DCF6E7018224DAD008FD568 /* ViewController.xib */; };
/* End PBXBuildFile section */

/* Begin PBXFileReference section */
		426368CF1839BA1B00D13698 /* Security.framework */ = {isa = PBXFileReference; lastKnownFileType = wrapper.framework; name = Security.framework; path = System/Library/Frameworks/Security.framework; sourceTree = SDKROOT; };
		426368D11839BA5F00D13698 /* CFNetwork.framework */ = {isa = PBXFileReference; lastKnownFileType = wrapper.framework; name = CFNetwork.framework; path = System/Library/Frameworks/CFNetwork.framework; sourceTree = SDKROOT; };
		426368D31839BA7700D13698 /* libicucore.dylib */ = {isa = PBXFileReference; lastKnownFileType = "compiled.mach-o.dylib"; name = libicucore.dylib; path = usr/lib/libicucore.dylib; sourceTree = SDKROOT; };
		426368D51839BAF600D13698 /* CoreData.framework */ = {isa = PBXFileReference; lastKnownFileType = wrapper.framework; name = CoreData.framework; path = System/Library/Frameworks/CoreData.framework; sourceTree = SDKROOT; };
		426368D71839BB3D00D13698 /* CoreLocation.framework */ = {isa = PBXFileReference; lastKnownFileType = wrapper.framework; name = CoreLocation.framework; path = System/Library/Frameworks/CoreLocation.framework; sourceTree = SDKROOT; };
		426368D91839BB4B00D13698 /* SystemConfiguration.framework */ = {isa = PBXFileReference; lastKnownFileType = wrapper.framework; name = SystemConfiguration.framework; path = System/Library/Frameworks/SystemConfiguration.framework; sourceTree = SDKROOT; };
		426368DB1839BB5400D13698 /* MobileCoreServices.framework */ = {isa = PBXFileReference; lastKnownFileType = wrapper.framework; name = MobileCoreServices.framework; path = System/Library/Frameworks/MobileCoreServices.framework; sourceTree = SDKROOT; };
		42636971183AEA4000D13698 /* Potato.jpg */ = {isa = PBXFileReference; lastKnownFileType = image.jpeg; name = Potato.jpg; path = ../../Nugget/Nugget/Nugget/Potato.jpg; sourceTree = "<group>"; };
		42636987183AEAFD00D13698 /* AFHTTPRequestOperation.h */ = {isa = PBXFileReference; fileEncoding = 4; lastKnownFileType = sourcecode.c.h; path = AFHTTPRequestOperation.h; sourceTree = "<group>"; };
		42636988183AEAFD00D13698 /* AFHTTPRequestOperation.m */ = {isa = PBXFileReference; fileEncoding = 4; lastKnownFileType = sourcecode.c.objc; path = AFHTTPRequestOperation.m; sourceTree = "<group>"; };
		42636989183AEAFD00D13698 /* AFHTTPRequestOperationManager.h */ = {isa = PBXFileReference; fileEncoding = 4; lastKnownFileType = sourcecode.c.h; path = AFHTTPRequestOperationManager.h; sourceTree = "<group>"; };
		4263698A183AEAFD00D13698 /* AFHTTPRequestOperationManager.m */ = {isa = PBXFileReference; fileEncoding = 4; lastKnownFileType = sourcecode.c.objc; path = AFHTTPRequestOperationManager.m; sourceTree = "<group>"; };
		4263698B183AEAFD00D13698 /* AFHTTPSessionManager.h */ = {isa = PBXFileReference; fileEncoding = 4; lastKnownFileType = sourcecode.c.h; path = AFHTTPSessionManager.h; sourceTree = "<group>"; };
		4263698C183AEAFD00D13698 /* AFHTTPSessionManager.m */ = {isa = PBXFileReference; fileEncoding = 4; lastKnownFileType = sourcecode.c.objc; path = AFHTTPSessionManager.m; sourceTree = "<group>"; };
		4263698D183AEAFD00D13698 /* AFNetworking.h */ = {isa = PBXFileReference; fileEncoding = 4; lastKnownFileType = sourcecode.c.h; path = AFNetworking.h; sourceTree = "<group>"; };
		4263698E183AEAFD00D13698 /* AFNetworkReachabilityManager.h */ = {isa = PBXFileReference; fileEncoding = 4; lastKnownFileType = sourcecode.c.h; path = AFNetworkReachabilityManager.h; sourceTree = "<group>"; };
		4263698F183AEAFD00D13698 /* AFNetworkReachabilityManager.m */ = {isa = PBXFileReference; fileEncoding = 4; lastKnownFileType = sourcecode.c.objc; path = AFNetworkReachabilityManager.m; sourceTree = "<group>"; };
		42636990183AEAFD00D13698 /* AFSecurityPolicy.h */ = {isa = PBXFileReference; fileEncoding = 4; lastKnownFileType = sourcecode.c.h; path = AFSecurityPolicy.h; sourceTree = "<group>"; };
		42636991183AEAFD00D13698 /* AFSecurityPolicy.m */ = {isa = PBXFileReference; fileEncoding = 4; lastKnownFileType = sourcecode.c.objc; path = AFSecurityPolicy.m; sourceTree = "<group>"; };
		42636992183AEAFD00D13698 /* AFURLConnectionOperation.h */ = {isa = PBXFileReference; fileEncoding = 4; lastKnownFileType = sourcecode.c.h; path = AFURLConnectionOperation.h; sourceTree = "<group>"; };
		42636993183AEAFD00D13698 /* AFURLConnectionOperation.m */ = {isa = PBXFileReference; fileEncoding = 4; lastKnownFileType = sourcecode.c.objc; path = AFURLConnectionOperation.m; sourceTree = "<group>"; };
		42636994183AEAFD00D13698 /* AFURLRequestSerialization.h */ = {isa = PBXFileReference; fileEncoding = 4; lastKnownFileType = sourcecode.c.h; path = AFURLRequestSerialization.h; sourceTree = "<group>"; };
		42636995183AEAFD00D13698 /* AFURLRequestSerialization.m */ = {isa = PBXFileReference; fileEncoding = 4; lastKnownFileType = sourcecode.c.objc; path = AFURLRequestSerialization.m; sourceTree = "<group>"; };
		42636996183AEAFD00D13698 /* AFURLResponseSerialization.h */ = {isa = PBXFileReference; fileEncoding = 4; lastKnownFileType = sourcecode.c.h; path = AFURLResponseSerialization.h; sourceTree = "<group>"; };
		42636997183AEAFD00D13698 /* AFURLResponseSerialization.m */ = {isa = PBXFileReference; fileEncoding = 4; lastKnownFileType = sourcecode.c.objc; path = AFURLResponseSerialization.m; sourceTree = "<group>"; };
		42636998183AEAFD00D13698 /* AFURLSessionManager.h */ = {isa = PBXFileReference; fileEncoding = 4; lastKnownFileType = sourcecode.c.h; path = AFURLSessionManager.h; sourceTree = "<group>"; };
		42636999183AEAFD00D13698 /* AFURLSessionManager.m */ = {isa = PBXFileReference; fileEncoding = 4; lastKnownFileType = sourcecode.c.objc; path = AFURLSessionManager.m; sourceTree = "<group>"; };
		426369A3183AEC1700D13698 /* AfterLogin.storyboard */ = {isa = PBXFileReference; fileEncoding = 4; lastKnownFileType = file.storyboard; path = AfterLogin.storyboard; sourceTree = "<group>"; };
		426369A8183AF16B00D13698 /* PickerVIew.h */ = {isa = PBXFileReference; fileEncoding = 4; lastKnownFileType = sourcecode.c.h; path = PickerVIew.h; sourceTree = "<group>"; };
		426369A9183AF16B00D13698 /* PickerVIew.m */ = {isa = PBXFileReference; fileEncoding = 4; lastKnownFileType = sourcecode.c.objc; path = PickerVIew.m; sourceTree = "<group>"; };
		426369B1183C8B6C00D13698 /* CreateProject.h */ = {isa = PBXFileReference; fileEncoding = 4; lastKnownFileType = sourcecode.c.h; name = CreateProject.h; path = ../../NuggetApp/OAuthStarterKit/CreateProject.h; sourceTree = "<group>"; };
		426369B2183C8B6C00D13698 /* CreateProject.m */ = {isa = PBXFileReference; fileEncoding = 4; lastKnownFileType = sourcecode.c.objc; name = CreateProject.m; path = ../../NuggetApp/OAuthStarterKit/CreateProject.m; sourceTree = "<group>"; };
		42A2B9BD183C900700CA02DB /* TeamController.h */ = {isa = PBXFileReference; fileEncoding = 4; lastKnownFileType = sourcecode.c.h; path = TeamController.h; sourceTree = "<group>"; };
		42A2B9BE183C900800CA02DB /* TeamController.m */ = {isa = PBXFileReference; fileEncoding = 4; lastKnownFileType = sourcecode.c.objc; path = TeamController.m; sourceTree = "<group>"; };
		42A2B9C0183C907800CA02DB /* BelbinTableViewViewController.h */ = {isa = PBXFileReference; fileEncoding = 4; lastKnownFileType = sourcecode.c.h; path = BelbinTableViewViewController.h; sourceTree = "<group>"; };
		42A2B9C1183C907800CA02DB /* BelbinTableViewViewController.m */ = {isa = PBXFileReference; fileEncoding = 4; lastKnownFileType = sourcecode.c.objc; path = BelbinTableViewViewController.m; sourceTree = "<group>"; };
		42A2B9C2183C907800CA02DB /* ContactCell.h */ = {isa = PBXFileReference; fileEncoding = 4; lastKnownFileType = sourcecode.c.h; path = ContactCell.h; sourceTree = "<group>"; };
		42A2B9C3183C907800CA02DB /* ContactCell.m */ = {isa = PBXFileReference; fileEncoding = 4; lastKnownFileType = sourcecode.c.objc; path = ContactCell.m; sourceTree = "<group>"; };
		42A2B9C6183C90C500CA02DB /* CustomTableViewViewController.h */ = {isa = PBXFileReference; fileEncoding = 4; lastKnownFileType = sourcecode.c.h; path = CustomTableViewViewController.h; sourceTree = "<group>"; };
		42A2B9C7183C90C500CA02DB /* CustomTableViewViewController.m */ = {isa = PBXFileReference; fileEncoding = 4; lastKnownFileType = sourcecode.c.objc; path = CustomTableViewViewController.m; sourceTree = "<group>"; };
		42A2B9C9183C90D400CA02DB /* ProfileController.h */ = {isa = PBXFileReference; fileEncoding = 4; lastKnownFileType = sourcecode.c.h; path = ProfileController.h; sourceTree = "<group>"; };
		42A2B9CA183C90D400CA02DB /* ProfileController.m */ = {isa = PBXFileReference; fileEncoding = 4; lastKnownFileType = sourcecode.c.objc; path = ProfileController.m; sourceTree = "<group>"; };
		42A2B9CC183C90E300CA02DB /* SkillCell.h */ = {isa = PBXFileReference; fileEncoding = 4; lastKnownFileType = sourcecode.c.h; path = SkillCell.h; sourceTree = "<group>"; };
		42A2B9CD183C90E300CA02DB /* SkillCell.m */ = {isa = PBXFileReference; fileEncoding = 4; lastKnownFileType = sourcecode.c.objc; path = SkillCell.m; sourceTree = "<group>"; };
		42A2B9CE183C90E300CA02DB /* SkillDetailController.h */ = {isa = PBXFileReference; fileEncoding = 4; lastKnownFileType = sourcecode.c.h; path = SkillDetailController.h; sourceTree = "<group>"; };
		42A2B9CF183C90E300CA02DB /* SkillDetailController.m */ = {isa = PBXFileReference; fileEncoding = 4; lastKnownFileType = sourcecode.c.objc; path = SkillDetailController.m; sourceTree = "<group>"; };
		42A2B9D0183C90E300CA02DB /* SkillsEditController.h */ = {isa = PBXFileReference; fileEncoding = 4; lastKnownFileType = sourcecode.c.h; path = SkillsEditController.h; sourceTree = "<group>"; };
		42A2B9D1183C90E300CA02DB /* SkillsEditController.m */ = {isa = PBXFileReference; fileEncoding = 4; lastKnownFileType = sourcecode.c.objc; path = SkillsEditController.m; sourceTree = "<group>"; };
		42A2B9D2183C90E300CA02DB /* SkillsView.h */ = {isa = PBXFileReference; fileEncoding = 4; lastKnownFileType = sourcecode.c.h; path = SkillsView.h; sourceTree = "<group>"; };
		42A2B9D3183C90E300CA02DB /* SkillsView.m */ = {isa = PBXFileReference; fileEncoding = 4; lastKnownFileType = sourcecode.c.objc; path = SkillsView.m; sourceTree = "<group>"; };
		6594109D1353A25700826837 /* OAuthStarterKit.app */ = {isa = PBXFileReference; explicitFileType = wrapper.application; includeInIndex = 0; path = OAuthStarterKit.app; sourceTree = BUILT_PRODUCTS_DIR; };
		659410A11353A25700826837 /* UIKit.framework */ = {isa = PBXFileReference; lastKnownFileType = wrapper.framework; name = UIKit.framework; path = System/Library/Frameworks/UIKit.framework; sourceTree = SDKROOT; };
		659410A31353A25700826837 /* Foundation.framework */ = {isa = PBXFileReference; lastKnownFileType = wrapper.framework; name = Foundation.framework; path = System/Library/Frameworks/Foundation.framework; sourceTree = SDKROOT; };
		659410A51353A25700826837 /* CoreGraphics.framework */ = {isa = PBXFileReference; lastKnownFileType = wrapper.framework; name = CoreGraphics.framework; path = System/Library/Frameworks/CoreGraphics.framework; sourceTree = SDKROOT; };
		659410A91353A25700826837 /* OAuthStarterKit-Info.plist */ = {isa = PBXFileReference; lastKnownFileType = text.plist.xml; path = "OAuthStarterKit-Info.plist"; sourceTree = "<group>"; };
		659410AB1353A25700826837 /* en */ = {isa = PBXFileReference; lastKnownFileType = text.plist.strings; name = en; path = en.lproj/InfoPlist.strings; sourceTree = "<group>"; };
		659410AD1353A25700826837 /* OAuthStarterKit-Prefix.pch */ = {isa = PBXFileReference; lastKnownFileType = sourcecode.c.h; path = "OAuthStarterKit-Prefix.pch"; sourceTree = "<group>"; };
		659410AE1353A25700826837 /* main.m */ = {isa = PBXFileReference; lastKnownFileType = sourcecode.c.objc; path = main.m; sourceTree = "<group>"; };
		659410B41353A25700826837 /* en */ = {isa = PBXFileReference; lastKnownFileType = file.xib; name = en; path = en.lproj/MainWindow.xib; sourceTree = "<group>"; };
		659410BB1353A29200826837 /* READ_ME.txt */ = {isa = PBXFileReference; fileEncoding = 4; lastKnownFileType = text; path = READ_ME.txt; sourceTree = "<group>"; };
		659410BD1353A36600826837 /* ProfileTabView.xib */ = {isa = PBXFileReference; fileEncoding = 4; lastKnownFileType = file.xib; path = ProfileTabView.xib; sourceTree = "<group>"; };
		659410C21353A39900826837 /* OAuthLoginView.xib */ = {isa = PBXFileReference; fileEncoding = 4; lastKnownFileType = file.xib; path = OAuthLoginView.xib; sourceTree = "<group>"; };
		659410C31353A39900826837 /* OAuthLoginView.m */ = {isa = PBXFileReference; fileEncoding = 4; lastKnownFileType = sourcecode.c.objc; path = OAuthLoginView.m; sourceTree = "<group>"; };
		659410C41353A39900826837 /* OAuthLoginView.h */ = {isa = PBXFileReference; fileEncoding = 4; lastKnownFileType = sourcecode.c.h; path = OAuthLoginView.h; sourceTree = "<group>"; };
		659410C51353A39900826837 /* OAuthConsumer.h */ = {isa = PBXFileReference; fileEncoding = 4; lastKnownFileType = sourcecode.c.h; path = OAuthConsumer.h; sourceTree = "<group>"; };
		659410C61353A39900826837 /* OATokenManager.m */ = {isa = PBXFileReference; fileEncoding = 4; lastKnownFileType = sourcecode.c.objc; path = OATokenManager.m; sourceTree = "<group>"; };
		659410C71353A39900826837 /* OATokenManager.h */ = {isa = PBXFileReference; fileEncoding = 4; lastKnownFileType = sourcecode.c.h; path = OATokenManager.h; sourceTree = "<group>"; };
		659410C81353A39900826837 /* OAToken.m */ = {isa = PBXFileReference; fileEncoding = 4; lastKnownFileType = sourcecode.c.objc; path = OAToken.m; sourceTree = "<group>"; };
		659410C91353A39900826837 /* OAToken.h */ = {isa = PBXFileReference; fileEncoding = 4; lastKnownFileType = sourcecode.c.h; path = OAToken.h; sourceTree = "<group>"; };
		659410CA1353A39900826837 /* OASignatureProviding.h */ = {isa = PBXFileReference; fileEncoding = 4; lastKnownFileType = sourcecode.c.h; path = OASignatureProviding.h; sourceTree = "<group>"; };
		659410CB1353A39900826837 /* OAServiceTicket.m */ = {isa = PBXFileReference; fileEncoding = 4; lastKnownFileType = sourcecode.c.objc; path = OAServiceTicket.m; sourceTree = "<group>"; };
		659410CC1353A39900826837 /* OAServiceTicket.h */ = {isa = PBXFileReference; fileEncoding = 4; lastKnownFileType = sourcecode.c.h; path = OAServiceTicket.h; sourceTree = "<group>"; };
		659410CD1353A39900826837 /* OARequestParameter.m */ = {isa = PBXFileReference; fileEncoding = 4; lastKnownFileType = sourcecode.c.objc; path = OARequestParameter.m; sourceTree = "<group>"; };
		659410CE1353A39900826837 /* OARequestParameter.h */ = {isa = PBXFileReference; fileEncoding = 4; lastKnownFileType = sourcecode.c.h; path = OARequestParameter.h; sourceTree = "<group>"; };
		659410CF1353A39900826837 /* OAProblem.m */ = {isa = PBXFileReference; fileEncoding = 4; lastKnownFileType = sourcecode.c.objc; path = OAProblem.m; sourceTree = "<group>"; };
		659410D01353A39900826837 /* OAProblem.h */ = {isa = PBXFileReference; fileEncoding = 4; lastKnownFileType = sourcecode.c.h; path = OAProblem.h; sourceTree = "<group>"; };
		659410D11353A39900826837 /* OAPlaintextSignatureProvider.m */ = {isa = PBXFileReference; fileEncoding = 4; lastKnownFileType = sourcecode.c.objc; path = OAPlaintextSignatureProvider.m; sourceTree = "<group>"; };
		659410D21353A39900826837 /* OAPlaintextSignatureProvider.h */ = {isa = PBXFileReference; fileEncoding = 4; lastKnownFileType = sourcecode.c.h; path = OAPlaintextSignatureProvider.h; sourceTree = "<group>"; };
		659410D31353A39900826837 /* OAMutableURLRequest.m */ = {isa = PBXFileReference; fileEncoding = 4; lastKnownFileType = sourcecode.c.objc; path = OAMutableURLRequest.m; sourceTree = "<group>"; };
		659410D41353A39900826837 /* OAMutableURLRequest.h */ = {isa = PBXFileReference; fileEncoding = 4; lastKnownFileType = sourcecode.c.h; path = OAMutableURLRequest.h; sourceTree = "<group>"; };
		659410D51353A39900826837 /* OAHMAC_SHA1SignatureProvider.m */ = {isa = PBXFileReference; fileEncoding = 4; lastKnownFileType = sourcecode.c.objc; path = OAHMAC_SHA1SignatureProvider.m; sourceTree = "<group>"; };
		659410D61353A39900826837 /* OAHMAC_SHA1SignatureProvider.h */ = {isa = PBXFileReference; fileEncoding = 4; lastKnownFileType = sourcecode.c.h; path = OAHMAC_SHA1SignatureProvider.h; sourceTree = "<group>"; };
		659410D71353A39900826837 /* OADataFetcher.m */ = {isa = PBXFileReference; fileEncoding = 4; lastKnownFileType = sourcecode.c.objc; path = OADataFetcher.m; sourceTree = "<group>"; };
		659410D81353A39900826837 /* OADataFetcher.h */ = {isa = PBXFileReference; fileEncoding = 4; lastKnownFileType = sourcecode.c.h; path = OADataFetcher.h; sourceTree = "<group>"; };
		659410D91353A39900826837 /* OAConsumer.m */ = {isa = PBXFileReference; fileEncoding = 4; lastKnownFileType = sourcecode.c.objc; path = OAConsumer.m; sourceTree = "<group>"; };
		659410DA1353A39900826837 /* OAConsumer.h */ = {isa = PBXFileReference; fileEncoding = 4; lastKnownFileType = sourcecode.c.h; path = OAConsumer.h; sourceTree = "<group>"; };
		659410DB1353A39900826837 /* OACall.m */ = {isa = PBXFileReference; fileEncoding = 4; lastKnownFileType = sourcecode.c.objc; path = OACall.m; sourceTree = "<group>"; };
		659410DC1353A39900826837 /* OACall.h */ = {isa = PBXFileReference; fileEncoding = 4; lastKnownFileType = sourcecode.c.h; path = OACall.h; sourceTree = "<group>"; };
		659410DD1353A39900826837 /* OAAttachment.m */ = {isa = PBXFileReference; fileEncoding = 4; lastKnownFileType = sourcecode.c.objc; path = OAAttachment.m; sourceTree = "<group>"; };
		659410DE1353A39900826837 /* OAAttachment.h */ = {isa = PBXFileReference; fileEncoding = 4; lastKnownFileType = sourcecode.c.h; path = OAAttachment.h; sourceTree = "<group>"; };
		659410DF1353A39900826837 /* OAAtachmentF.h */ = {isa = PBXFileReference; fileEncoding = 4; lastKnownFileType = sourcecode.c.h; path = OAAtachmentF.h; sourceTree = "<group>"; };
		659410E01353A39900826837 /* linkedInBluebutton.png */ = {isa = PBXFileReference; lastKnownFileType = image.png; path = linkedInBluebutton.png; sourceTree = "<group>"; };
		659410E11353A39900826837 /* linkedInBluebutton-highlight.png */ = {isa = PBXFileReference; lastKnownFileType = image.png; path = "linkedInBluebutton-highlight.png"; sourceTree = "<group>"; };
		659410E21353A39900826837 /* JSONKit.m */ = {isa = PBXFileReference; fileEncoding = 4; lastKnownFileType = sourcecode.c.objc; path = JSONKit.m; sourceTree = "<group>"; };
		659410E31353A39900826837 /* JSONKit.h */ = {isa = PBXFileReference; fileEncoding = 4; lastKnownFileType = sourcecode.c.h; path = JSONKit.h; sourceTree = "<group>"; };
		659410F61353A41600826837 /* Base64Transcoder.c */ = {isa = PBXFileReference; fileEncoding = 4; lastKnownFileType = sourcecode.c.c; path = Base64Transcoder.c; sourceTree = "<group>"; };
		659410F71353A41600826837 /* Base64Transcoder.h */ = {isa = PBXFileReference; fileEncoding = 4; lastKnownFileType = sourcecode.c.h; path = Base64Transcoder.h; sourceTree = "<group>"; };
		659410F81353A41600826837 /* hmac.c */ = {isa = PBXFileReference; fileEncoding = 4; lastKnownFileType = sourcecode.c.c; path = hmac.c; sourceTree = "<group>"; };
		659410F91353A41600826837 /* hmac.h */ = {isa = PBXFileReference; fileEncoding = 4; lastKnownFileType = sourcecode.c.h; path = hmac.h; sourceTree = "<group>"; };
		659410FA1353A41600826837 /* sha1.c */ = {isa = PBXFileReference; fileEncoding = 4; lastKnownFileType = sourcecode.c.c; path = sha1.c; sourceTree = "<group>"; };
		659410FB1353A41600826837 /* sha1.h */ = {isa = PBXFileReference; fileEncoding = 4; lastKnownFileType = sourcecode.c.h; path = sha1.h; sourceTree = "<group>"; };
		659410FD1353A41600826837 /* NSMutableURLRequest+Parameters.h */ = {isa = PBXFileReference; fileEncoding = 4; lastKnownFileType = sourcecode.c.h; path = "NSMutableURLRequest+Parameters.h"; sourceTree = "<group>"; };
		659410FE1353A41600826837 /* NSMutableURLRequest+Parameters.m */ = {isa = PBXFileReference; fileEncoding = 4; lastKnownFileType = sourcecode.c.objc; path = "NSMutableURLRequest+Parameters.m"; sourceTree = "<group>"; };
		659410FF1353A41600826837 /* NSString+URLEncoding.h */ = {isa = PBXFileReference; fileEncoding = 4; lastKnownFileType = sourcecode.c.h; path = "NSString+URLEncoding.h"; sourceTree = "<group>"; };
		659411001353A41600826837 /* NSString+URLEncoding.m */ = {isa = PBXFileReference; fileEncoding = 4; lastKnownFileType = sourcecode.c.objc; path = "NSString+URLEncoding.m"; sourceTree = "<group>"; };
		659411011353A41600826837 /* NSURL+Base.h */ = {isa = PBXFileReference; fileEncoding = 4; lastKnownFileType = sourcecode.c.h; path = "NSURL+Base.h"; sourceTree = "<group>"; };
		659411021353A41600826837 /* NSURL+Base.m */ = {isa = PBXFileReference; fileEncoding = 4; lastKnownFileType = sourcecode.c.objc; path = "NSURL+Base.m"; sourceTree = "<group>"; };
		659411141353AE6800826837 /* Icon-72.png */ = {isa = PBXFileReference; lastKnownFileType = image.png; path = "Icon-72.png"; sourceTree = "<group>"; };
		659411151353AE6800826837 /* Icon.png */ = {isa = PBXFileReference; lastKnownFileType = image.png; path = Icon.png; sourceTree = "<group>"; };
		659411161353AE6800826837 /* Icon@2x.png */ = {isa = PBXFileReference; lastKnownFileType = image.png; path = "Icon@2x.png"; sourceTree = "<group>"; };
		9D30FF951829A38A006EB8D3 /* MainViewController.h */ = {isa = PBXFileReference; fileEncoding = 4; lastKnownFileType = sourcecode.c.h; path = MainViewController.h; sourceTree = "<group>"; };
		9D30FF961829A38A006EB8D3 /* MainViewController.m */ = {isa = PBXFileReference; fileEncoding = 4; lastKnownFileType = sourcecode.c.objc; path = MainViewController.m; sourceTree = "<group>"; };
		9D951F6A1817C0200010C060 /* Storyboard.storyboard */ = {isa = PBXFileReference; fileEncoding = 4; lastKnownFileType = file.storyboard; path = Storyboard.storyboard; sourceTree = "<group>"; };
		9D951F6C1817C28E0010C060 /* Default-568h@2x.png */ = {isa = PBXFileReference; lastKnownFileType = image.png; path = "Default-568h@2x.png"; sourceTree = "<group>"; };
		9D951F6E1817C3430010C060 /* AppDelegate.h */ = {isa = PBXFileReference; fileEncoding = 4; lastKnownFileType = sourcecode.c.h; path = AppDelegate.h; sourceTree = "<group>"; };
		9D951F6F1817C3430010C060 /* AppDelegate.m */ = {isa = PBXFileReference; fileEncoding = 4; lastKnownFileType = sourcecode.c.objc; path = AppDelegate.m; sourceTree = "<group>"; };
		9D951F701817C3430010C060 /* ViewController.h */ = {isa = PBXFileReference; fileEncoding = 4; lastKnownFileType = sourcecode.c.h; path = ViewController.h; sourceTree = "<group>"; };
		9D951F711817C3430010C060 /* ViewController.m */ = {isa = PBXFileReference; fileEncoding = 4; lastKnownFileType = sourcecode.c.objc; path = ViewController.m; sourceTree = "<group>"; };
		9DCF6E6E18224DAD008FD568 /* StoryViewController.h */ = {isa = PBXFileReference; fileEncoding = 4; lastKnownFileType = sourcecode.c.h; path = StoryViewController.h; sourceTree = "<group>"; };
		9DCF6E6F18224DAD008FD568 /* StoryViewController.m */ = {isa = PBXFileReference; fileEncoding = 4; lastKnownFileType = sourcecode.c.objc; path = StoryViewController.m; sourceTree = "<group>"; };
		9DCF6E7018224DAD008FD568 /* ViewController.xib */ = {isa = PBXFileReference; fileEncoding = 4; lastKnownFileType = file.xib; path = ViewController.xib; sourceTree = "<group>"; };
		9DF9E84D1828D8900034A8CD /* ProfileTabView.m */ = {isa = PBXFileReference; fileEncoding = 4; lastKnownFileType = sourcecode.c.objc; path = ProfileTabView.m; sourceTree = "<group>"; };
/* End PBXFileReference section */

/* Begin PBXFrameworksBuildPhase section */
		6594109A1353A25700826837 /* Frameworks */ = {
			isa = PBXFrameworksBuildPhase;
			buildActionMask = 2147483647;
			files = (
				426368DC1839BB5400D13698 /* MobileCoreServices.framework in Frameworks */,
				426368DA1839BB4B00D13698 /* SystemConfiguration.framework in Frameworks */,
				426368D81839BB3D00D13698 /* CoreLocation.framework in Frameworks */,
				426368D01839BA1B00D13698 /* Security.framework in Frameworks */,
				659410A21353A25700826837 /* UIKit.framework in Frameworks */,
				659410A41353A25700826837 /* Foundation.framework in Frameworks */,
				659410A61353A25700826837 /* CoreGraphics.framework in Frameworks */,
			);
			runOnlyForDeploymentPostprocessing = 0;
		};
/* End PBXFrameworksBuildPhase section */

/* Begin PBXGroup section */
		42636986183AEAFD00D13698 /* AFNetworking */ = {
			isa = PBXGroup;
			children = (
				42636987183AEAFD00D13698 /* AFHTTPRequestOperation.h */,
				42636988183AEAFD00D13698 /* AFHTTPRequestOperation.m */,
				42636989183AEAFD00D13698 /* AFHTTPRequestOperationManager.h */,
				4263698A183AEAFD00D13698 /* AFHTTPRequestOperationManager.m */,
				4263698B183AEAFD00D13698 /* AFHTTPSessionManager.h */,
				4263698C183AEAFD00D13698 /* AFHTTPSessionManager.m */,
				4263698D183AEAFD00D13698 /* AFNetworking.h */,
				4263698E183AEAFD00D13698 /* AFNetworkReachabilityManager.h */,
				4263698F183AEAFD00D13698 /* AFNetworkReachabilityManager.m */,
				42636990183AEAFD00D13698 /* AFSecurityPolicy.h */,
				42636991183AEAFD00D13698 /* AFSecurityPolicy.m */,
				42636992183AEAFD00D13698 /* AFURLConnectionOperation.h */,
				42636993183AEAFD00D13698 /* AFURLConnectionOperation.m */,
				42636994183AEAFD00D13698 /* AFURLRequestSerialization.h */,
				42636995183AEAFD00D13698 /* AFURLRequestSerialization.m */,
				42636996183AEAFD00D13698 /* AFURLResponseSerialization.h */,
				42636997183AEAFD00D13698 /* AFURLResponseSerialization.m */,
				42636998183AEAFD00D13698 /* AFURLSessionManager.h */,
				42636999183AEAFD00D13698 /* AFURLSessionManager.m */,
			);
			name = AFNetworking;
			path = ../Nugget/Nugget/AFNetworking;
			sourceTree = "<group>";
		};
		659410921353A25700826837 = {
			isa = PBXGroup;
			children = (
				42636986183AEAFD00D13698 /* AFNetworking */,
				9D951F6C1817C28E0010C060 /* Default-568h@2x.png */,
				659410A71353A25700826837 /* OAuthStarterKit */,
				659410A01353A25700826837 /* Frameworks */,
				6594109E1353A25700826837 /* Products */,
			);
			sourceTree = "<group>";
		};
		6594109E1353A25700826837 /* Products */ = {
			isa = PBXGroup;
			children = (
				6594109D1353A25700826837 /* OAuthStarterKit.app */,
			);
			name = Products;
			sourceTree = "<group>";
		};
		659410A01353A25700826837 /* Frameworks */ = {
			isa = PBXGroup;
			children = (
				426368DB1839BB5400D13698 /* MobileCoreServices.framework */,
				426368D91839BB4B00D13698 /* SystemConfiguration.framework */,
				426368D71839BB3D00D13698 /* CoreLocation.framework */,
				426368D51839BAF600D13698 /* CoreData.framework */,
				426368D31839BA7700D13698 /* libicucore.dylib */,
				426368D11839BA5F00D13698 /* CFNetwork.framework */,
				426368CF1839BA1B00D13698 /* Security.framework */,
				659410A11353A25700826837 /* UIKit.framework */,
				659410A31353A25700826837 /* Foundation.framework */,
				659410A51353A25700826837 /* CoreGraphics.framework */,
			);
			name = Frameworks;
			sourceTree = "<group>";
		};
		659410A71353A25700826837 /* OAuthStarterKit */ = {
			isa = PBXGroup;
			children = (
				659410BB1353A29200826837 /* READ_ME.txt */,
				659411111353A61B00826837 /* Views */,
				659411131353A64A00826837 /* JSON */,
				659411121353A63E00826837 /* OAuth */,
				659410F51353A41600826837 /* Crytpo */,
				659410FC1353A41600826837 /* Categories */,
				659410B31353A25700826837 /* MainWindow.xib */,
				659410A81353A25700826837 /* Supporting Files */,
			);
			path = OAuthStarterKit;
			sourceTree = "<group>";
		};
		659410A81353A25700826837 /* Supporting Files */ = {
			isa = PBXGroup;
			children = (
				659411141353AE6800826837 /* Icon-72.png */,
				659411151353AE6800826837 /* Icon.png */,
				659411161353AE6800826837 /* Icon@2x.png */,
				659410A91353A25700826837 /* OAuthStarterKit-Info.plist */,
				659410AA1353A25700826837 /* InfoPlist.strings */,
				659410AD1353A25700826837 /* OAuthStarterKit-Prefix.pch */,
				659410AE1353A25700826837 /* main.m */,
			);
			name = "Supporting Files";
			sourceTree = "<group>";
		};
		659410F51353A41600826837 /* Crytpo */ = {
			isa = PBXGroup;
			children = (
				659410F61353A41600826837 /* Base64Transcoder.c */,
				659410F71353A41600826837 /* Base64Transcoder.h */,
				659410F81353A41600826837 /* hmac.c */,
				659410F91353A41600826837 /* hmac.h */,
				659410FA1353A41600826837 /* sha1.c */,
				659410FB1353A41600826837 /* sha1.h */,
			);
			name = Crytpo;
			path = ../Crytpo;
			sourceTree = "<group>";
		};
		659410FC1353A41600826837 /* Categories */ = {
			isa = PBXGroup;
			children = (
				659410FD1353A41600826837 /* NSMutableURLRequest+Parameters.h */,
				659410FE1353A41600826837 /* NSMutableURLRequest+Parameters.m */,
				659410FF1353A41600826837 /* NSString+URLEncoding.h */,
				659411001353A41600826837 /* NSString+URLEncoding.m */,
				659411011353A41600826837 /* NSURL+Base.h */,
				659411021353A41600826837 /* NSURL+Base.m */,
			);
			name = Categories;
			path = ../Categories;
			sourceTree = "<group>";
		};
		659411111353A61B00826837 /* Views */ = {
			isa = PBXGroup;
			children = (
				42A2B9CC183C90E300CA02DB /* SkillCell.h */,
				42A2B9CD183C90E300CA02DB /* SkillCell.m */,
				42A2B9CE183C90E300CA02DB /* SkillDetailController.h */,
				42A2B9CF183C90E300CA02DB /* SkillDetailController.m */,
				42A2B9D0183C90E300CA02DB /* SkillsEditController.h */,
				42A2B9D1183C90E300CA02DB /* SkillsEditController.m */,
				42A2B9D2183C90E300CA02DB /* SkillsView.h */,
				42A2B9D3183C90E300CA02DB /* SkillsView.m */,
				42A2B9C9183C90D400CA02DB /* ProfileController.h */,
				42A2B9CA183C90D400CA02DB /* ProfileController.m */,
				42A2B9C6183C90C500CA02DB /* CustomTableViewViewController.h */,
				42A2B9C7183C90C500CA02DB /* CustomTableViewViewController.m */,
				42A2B9C0183C907800CA02DB /* BelbinTableViewViewController.h */,
				42A2B9C1183C907800CA02DB /* BelbinTableViewViewController.m */,
				42A2B9C2183C907800CA02DB /* ContactCell.h */,
				42A2B9C3183C907800CA02DB /* ContactCell.m */,
				42A2B9BD183C900700CA02DB /* TeamController.h */,
				42A2B9BE183C900800CA02DB /* TeamController.m */,
				426369A8183AF16B00D13698 /* PickerVIew.h */,
				426369A9183AF16B00D13698 /* PickerVIew.m */,
				426369A3183AEC1700D13698 /* AfterLogin.storyboard */,
				42636971183AEA4000D13698 /* Potato.jpg */,
				426369B1183C8B6C00D13698 /* CreateProject.h */,
				426369B2183C8B6C00D13698 /* CreateProject.m */,
				9D951F6E1817C3430010C060 /* AppDelegate.h */,
				9D30FF951829A38A006EB8D3 /* MainViewController.h */,
				659410C41353A39900826837 /* OAuthLoginView.h */,
				9DCF6E6E18224DAD008FD568 /* StoryViewController.h */,
				9D951F701817C3430010C060 /* ViewController.h */,
				9D951F6F1817C3430010C060 /* AppDelegate.m */,
				9D30FF961829A38A006EB8D3 /* MainViewController.m */,
				659410C31353A39900826837 /* OAuthLoginView.m */,
				9DF9E84D1828D8900034A8CD /* ProfileTabView.m */,
				9DCF6E6F18224DAD008FD568 /* StoryViewController.m */,
				9D951F711817C3430010C060 /* ViewController.m */,
				659410E11353A39900826837 /* linkedInBluebutton-highlight.png */,
				659410E01353A39900826837 /* linkedInBluebutton.png */,
				9D951F6A1817C0200010C060 /* Storyboard.storyboard */,
				659410C21353A39900826837 /* OAuthLoginView.xib */,
				659410BD1353A36600826837 /* ProfileTabView.xib */,
				9DCF6E7018224DAD008FD568 /* ViewController.xib */,
			);
			name = Views;
			sourceTree = "<group>";
		};
		659411121353A63E00826837 /* OAuth */ = {
			isa = PBXGroup;
			children = (
				659410C51353A39900826837 /* OAuthConsumer.h */,
				659410C61353A39900826837 /* OATokenManager.m */,
				659410C71353A39900826837 /* OATokenManager.h */,
				659410C81353A39900826837 /* OAToken.m */,
				659410C91353A39900826837 /* OAToken.h */,
				659410CA1353A39900826837 /* OASignatureProviding.h */,
				659410CB1353A39900826837 /* OAServiceTicket.m */,
				659410CC1353A39900826837 /* OAServiceTicket.h */,
				659410CD1353A39900826837 /* OARequestParameter.m */,
				659410CE1353A39900826837 /* OARequestParameter.h */,
				659410CF1353A39900826837 /* OAProblem.m */,
				659410D01353A39900826837 /* OAProblem.h */,
				659410D11353A39900826837 /* OAPlaintextSignatureProvider.m */,
				659410D21353A39900826837 /* OAPlaintextSignatureProvider.h */,
				659410D31353A39900826837 /* OAMutableURLRequest.m */,
				659410D41353A39900826837 /* OAMutableURLRequest.h */,
				659410D51353A39900826837 /* OAHMAC_SHA1SignatureProvider.m */,
				659410D61353A39900826837 /* OAHMAC_SHA1SignatureProvider.h */,
				659410D71353A39900826837 /* OADataFetcher.m */,
				659410D81353A39900826837 /* OADataFetcher.h */,
				659410D91353A39900826837 /* OAConsumer.m */,
				659410DA1353A39900826837 /* OAConsumer.h */,
				659410DB1353A39900826837 /* OACall.m */,
				659410DC1353A39900826837 /* OACall.h */,
				659410DD1353A39900826837 /* OAAttachment.m */,
				659410DE1353A39900826837 /* OAAttachment.h */,
				659410DF1353A39900826837 /* OAAtachmentF.h */,
			);
			name = OAuth;
			sourceTree = "<group>";
		};
		659411131353A64A00826837 /* JSON */ = {
			isa = PBXGroup;
			children = (
				659410E21353A39900826837 /* JSONKit.m */,
				659410E31353A39900826837 /* JSONKit.h */,
			);
			name = JSON;
			sourceTree = "<group>";
		};
/* End PBXGroup section */

/* Begin PBXNativeTarget section */
		6594109C1353A25700826837 /* OAuthStarterKit */ = {
			isa = PBXNativeTarget;
			buildConfigurationList = 659410B81353A25700826837 /* Build configuration list for PBXNativeTarget "OAuthStarterKit" */;
			buildPhases = (
				659410991353A25700826837 /* Sources */,
				6594109A1353A25700826837 /* Frameworks */,
				6594109B1353A25700826837 /* Resources */,
			);
			buildRules = (
			);
			dependencies = (
			);
			name = OAuthStarterKit;
			productName = OAuthStarterKit;
			productReference = 6594109D1353A25700826837 /* OAuthStarterKit.app */;
			productType = "com.apple.product-type.application";
		};
/* End PBXNativeTarget section */

/* Begin PBXProject section */
		659410941353A25700826837 /* Project object */ = {
			isa = PBXProject;
			attributes = {
				LastUpgradeCheck = 0500;
				ORGANIZATIONNAME = self;
			};
			buildConfigurationList = 659410971353A25700826837 /* Build configuration list for PBXProject "OAuthStarterKit" */;
			compatibilityVersion = "Xcode 3.2";
			developmentRegion = English;
			hasScannedForEncodings = 0;
			knownRegions = (
				en,
			);
			mainGroup = 659410921353A25700826837;
			productRefGroup = 6594109E1353A25700826837 /* Products */;
			projectDirPath = "";
			projectRoot = "";
			targets = (
				6594109C1353A25700826837 /* OAuthStarterKit */,
			);
		};
/* End PBXProject section */

/* Begin PBXResourcesBuildPhase section */
		6594109B1353A25700826837 /* Resources */ = {
			isa = PBXResourcesBuildPhase;
			buildActionMask = 2147483647;
			files = (
				659410AC1353A25700826837 /* InfoPlist.strings in Resources */,
				9DCF6E7218224DAD008FD568 /* ViewController.xib in Resources */,
				9D951F6B1817C0200010C060 /* Storyboard.storyboard in Resources */,
				659410B51353A25700826837 /* MainWindow.xib in Resources */,
				659410BC1353A29200826837 /* READ_ME.txt in Resources */,
				659410C01353A36600826837 /* ProfileTabView.xib in Resources */,
				426369A4183AEC1700D13698 /* AfterLogin.storyboard in Resources */,
				9D951F6D1817C28E0010C060 /* Default-568h@2x.png in Resources */,
				659410E41353A39900826837 /* OAuthLoginView.xib in Resources */,
				659410F21353A39900826837 /* linkedInBluebutton.png in Resources */,
				659410F31353A39900826837 /* linkedInBluebutton-highlight.png in Resources */,
				42636980183AEA4000D13698 /* Potato.jpg in Resources */,
				659411171353AE6800826837 /* Icon-72.png in Resources */,
				659411181353AE6800826837 /* Icon.png in Resources */,
				659411191353AE6800826837 /* Icon@2x.png in Resources */,
			);
			runOnlyForDeploymentPostprocessing = 0;
		};
/* End PBXResourcesBuildPhase section */

/* Begin PBXSourcesBuildPhase section */
		659410991353A25700826837 /* Sources */ = {
			isa = PBXSourcesBuildPhase;
			buildActionMask = 2147483647;
			files = (
				4263699A183AEAFD00D13698 /* AFHTTPRequestOperation.m in Sources */,
				4263699D183AEAFD00D13698 /* AFNetworkReachabilityManager.m in Sources */,
				4263699C183AEAFD00D13698 /* AFHTTPSessionManager.m in Sources */,
				659410AF1353A25700826837 /* main.m in Sources */,
				42A2B9D7183C90E300CA02DB /* SkillsView.m in Sources */,
				659410E51353A39900826837 /* OAuthLoginView.m in Sources */,
				659410E61353A39900826837 /* OATokenManager.m in Sources */,
				659410E71353A39900826837 /* OAToken.m in Sources */,
				426369A1183AEAFD00D13698 /* AFURLResponseSerialization.m in Sources */,
				659410E81353A39900826837 /* OAServiceTicket.m in Sources */,
				42A2B9D4183C90E300CA02DB /* SkillCell.m in Sources */,
				42A2B9C8183C90C500CA02DB /* CustomTableViewViewController.m in Sources */,
				659410E91353A39900826837 /* OARequestParameter.m in Sources */,
				42A2B9CB183C90D400CA02DB /* ProfileController.m in Sources */,
				659410EA1353A39900826837 /* OAProblem.m in Sources */,
				42A2B9D5183C90E300CA02DB /* SkillDetailController.m in Sources */,
				42A2B9C4183C907800CA02DB /* BelbinTableViewViewController.m in Sources */,
				659410EB1353A39900826837 /* OAPlaintextSignatureProvider.m in Sources */,
				426369AA183AF16B00D13698 /* PickerVIew.m in Sources */,
				42A2B9D6183C90E300CA02DB /* SkillsEditController.m in Sources */,
				659410EC1353A39900826837 /* OAMutableURLRequest.m in Sources */,
				659410ED1353A39900826837 /* OAHMAC_SHA1SignatureProvider.m in Sources */,
				659410EE1353A39900826837 /* OADataFetcher.m in Sources */,
				4263699F183AEAFD00D13698 /* AFURLConnectionOperation.m in Sources */,
				659410EF1353A39900826837 /* OAConsumer.m in Sources */,
				659410F01353A39900826837 /* OACall.m in Sources */,
				659410F11353A39900826837 /* OAAttachment.m in Sources */,
				426369B3183C8B6C00D13698 /* CreateProject.m in Sources */,
				659410F41353A39900826837 /* JSONKit.m in Sources */,
				9D30FF971829A38A006EB8D3 /* MainViewController.m in Sources */,
				9DCF6E7118224DAD008FD568 /* StoryViewController.m in Sources */,
				659411031353A41600826837 /* Base64Transcoder.c in Sources */,
				42A2B9C5183C907800CA02DB /* ContactCell.m in Sources */,
				42A2B9BF183C900800CA02DB /* TeamController.m in Sources */,
				659411041353A41600826837 /* hmac.c in Sources */,
				659411051353A41600826837 /* sha1.c in Sources */,
				9D951F721817C3430010C060 /* AppDelegate.m in Sources */,
				426369A0183AEAFD00D13698 /* AFURLRequestSerialization.m in Sources */,
				659411061353A41600826837 /* NSMutableURLRequest+Parameters.m in Sources */,
				4263699B183AEAFD00D13698 /* AFHTTPRequestOperationManager.m in Sources */,
				426369A2183AEAFD00D13698 /* AFURLSessionManager.m in Sources */,
				659411071353A41600826837 /* NSString+URLEncoding.m in Sources */,
				659411081353A41600826837 /* NSURL+Base.m in Sources */,
				4263699E183AEAFD00D13698 /* AFSecurityPolicy.m in Sources */,
				9D951F731817C3430010C060 /* ViewController.m in Sources */,
			);
			runOnlyForDeploymentPostprocessing = 0;
		};
/* End PBXSourcesBuildPhase section */

/* Begin PBXVariantGroup section */
		659410AA1353A25700826837 /* InfoPlist.strings */ = {
			isa = PBXVariantGroup;
			children = (
				659410AB1353A25700826837 /* en */,
			);
			name = InfoPlist.strings;
			sourceTree = "<group>";
		};
		659410B31353A25700826837 /* MainWindow.xib */ = {
			isa = PBXVariantGroup;
			children = (
				659410B41353A25700826837 /* en */,
			);
			name = MainWindow.xib;
			sourceTree = "<group>";
		};
/* End PBXVariantGroup section */

/* Begin XCBuildConfiguration section */
		659410B61353A25700826837 /* Debug */ = {
			isa = XCBuildConfiguration;
			buildSettings = {
				CLANG_ENABLE_OBJC_ARC = NO;
				"CODE_SIGN_IDENTITY[sdk=iphoneos*]" = "iPhone Developer";
				GCC_C_LANGUAGE_STANDARD = gnu99;
				GCC_OPTIMIZATION_LEVEL = 0;
				GCC_PREPROCESSOR_DEFINITIONS = DEBUG;
				GCC_SYMBOLS_PRIVATE_EXTERN = NO;
				GCC_VERSION = "";
				GCC_WARN_ABOUT_RETURN_TYPE = YES;
				GCC_WARN_UNUSED_VARIABLE = YES;
				IPHONEOS_DEPLOYMENT_TARGET = 4.3;
				ONLY_ACTIVE_ARCH = YES;
				SDKROOT = iphoneos;
			};
			name = Debug;
		};
		659410B71353A25700826837 /* Release */ = {
			isa = XCBuildConfiguration;
			buildSettings = {
				CLANG_ENABLE_OBJC_ARC = NO;
				"CODE_SIGN_IDENTITY[sdk=iphoneos*]" = "iPhone Developer";
				GCC_C_LANGUAGE_STANDARD = gnu99;
				GCC_VERSION = "";
				GCC_WARN_ABOUT_RETURN_TYPE = YES;
				GCC_WARN_UNUSED_VARIABLE = YES;
				IPHONEOS_DEPLOYMENT_TARGET = 4.3;
				OTHER_CFLAGS = "-DNS_BLOCK_ASSERTIONS=1";
				SDKROOT = iphoneos;
			};
			name = Release;
		};
		659410B91353A25700826837 /* Debug */ = {
			isa = XCBuildConfiguration;
			buildSettings = {
				ALWAYS_SEARCH_USER_PATHS = NO;
				COPY_PHASE_STRIP = NO;
				GCC_DYNAMIC_NO_PIC = NO;
				GCC_PRECOMPILE_PREFIX_HEADER = YES;
				GCC_PREFIX_HEADER = "OAuthStarterKit/OAuthStarterKit-Prefix.pch";
				GCC_VERSION = "";
				INFOPLIST_FILE = "OAuthStarterKit/OAuthStarterKit-Info.plist";
				IPHONEOS_DEPLOYMENT_TARGET = 6.0;
				PRODUCT_NAME = "$(TARGET_NAME)";
				WRAPPER_EXTENSION = app;
			};
			name = Debug;
		};
		659410BA1353A25700826837 /* Release */ = {
			isa = XCBuildConfiguration;
			buildSettings = {
				ALWAYS_SEARCH_USER_PATHS = NO;
				COPY_PHASE_STRIP = YES;
				GCC_PRECOMPILE_PREFIX_HEADER = YES;
				GCC_PREFIX_HEADER = "OAuthStarterKit/OAuthStarterKit-Prefix.pch";
				GCC_VERSION = "";
				INFOPLIST_FILE = "OAuthStarterKit/OAuthStarterKit-Info.plist";
				IPHONEOS_DEPLOYMENT_TARGET = 6.0;
				PRODUCT_NAME = "$(TARGET_NAME)";
				VALIDATE_PRODUCT = YES;
				WRAPPER_EXTENSION = app;
			};
			name = Release;
		};
/* End XCBuildConfiguration section */

/* Begin XCConfigurationList section */
		659410971353A25700826837 /* Build configuration list for PBXProject "OAuthStarterKit" */ = {
			isa = XCConfigurationList;
			buildConfigurations = (
				659410B61353A25700826837 /* Debug */,
				659410B71353A25700826837 /* Release */,
			);
			defaultConfigurationIsVisible = 0;
			defaultConfigurationName = Release;
		};
		659410B81353A25700826837 /* Build configuration list for PBXNativeTarget "OAuthStarterKit" */ = {
			isa = XCConfigurationList;
			buildConfigurations = (
				659410B91353A25700826837 /* Debug */,
				659410BA1353A25700826837 /* Release */,
			);
			defaultConfigurationIsVisible = 0;
			defaultConfigurationName = Release;
		};
/* End XCConfigurationList section */
	};
	rootObject = 659410941353A25700826837 /* Project object */;
}
